// !$*UTF8*$!
{
	archiveVersion = 1;
	classes = {
	};
	objectVersion = 50;
	objects = {

/* Begin PBXBuildFile section */
		961C8BFD228F2F7E00886EE7 /* AppDelegate.swift in Sources */ = {isa = PBXBuildFile; fileRef = 961C8BFC228F2F7E00886EE7 /* AppDelegate.swift */; };
		961C8C02228F2F7E00886EE7 /* Main.storyboard in Resources */ = {isa = PBXBuildFile; fileRef = 961C8C00228F2F7E00886EE7 /* Main.storyboard */; };
		961C8C04228F2F8000886EE7 /* Assets.xcassets in Resources */ = {isa = PBXBuildFile; fileRef = 961C8C03228F2F8000886EE7 /* Assets.xcassets */; };
		961C8C07228F2F8000886EE7 /* LaunchScreen.storyboard in Resources */ = {isa = PBXBuildFile; fileRef = 961C8C05228F2F8000886EE7 /* LaunchScreen.storyboard */; };
		961C8C0F228F300E00886EE7 /* ListTableViewController.swift in Sources */ = {isa = PBXBuildFile; fileRef = 961C8C0E228F300E00886EE7 /* ListTableViewController.swift */; };
		961C8C11228F380300886EE7 /* ContactTableViewCell.swift in Sources */ = {isa = PBXBuildFile; fileRef = 961C8C10228F380300886EE7 /* ContactTableViewCell.swift */; };
		96CBF746228F43010092AAE6 /* DetailViewController.swift in Sources */ = {isa = PBXBuildFile; fileRef = 96CBF745228F43010092AAE6 /* DetailViewController.swift */; };
		96CBF76322902A2B0092AAE6 /* Config.swift in Sources */ = {isa = PBXBuildFile; fileRef = 96CBF76222902A2B0092AAE6 /* Config.swift */; };
		96CBF76622902A940092AAE6 /* ActivityIndicator.swift in Sources */ = {isa = PBXBuildFile; fileRef = 96CBF76522902A940092AAE6 /* ActivityIndicator.swift */; };
		96CBF76822902AAC0092AAE6 /* AlertView.swift in Sources */ = {isa = PBXBuildFile; fileRef = 96CBF76722902AAC0092AAE6 /* AlertView.swift */; };
		96CBF76B22902AD20092AAE6 /* Model.xcdatamodeld in Sources */ = {isa = PBXBuildFile; fileRef = 96CBF76922902AD10092AAE6 /* Model.xcdatamodeld */; };
		96CBF76D22902B3B0092AAE6 /* Reachability.swift in Sources */ = {isa = PBXBuildFile; fileRef = 96CBF76C22902B3B0092AAE6 /* Reachability.swift */; };
		96CBF77022902B550092AAE6 /* Contact.swift in Sources */ = {isa = PBXBuildFile; fileRef = 96CBF76F22902B550092AAE6 /* Contact.swift */; };
		96CBF77222902B680092AAE6 /* AllContactStruct.swift in Sources */ = {isa = PBXBuildFile; fileRef = 96CBF77122902B680092AAE6 /* AllContactStruct.swift */; };
		96CBF775229031A20092AAE6 /* ContactService.swift in Sources */ = {isa = PBXBuildFile; fileRef = 96CBF774229031A20092AAE6 /* ContactService.swift */; };
		96CBF777229054CA0092AAE6 /* Extensions.swift in Sources */ = {isa = PBXBuildFile; fileRef = 96CBF776229054CA0092AAE6 /* Extensions.swift */; };
		EBA36BB976A9F166B6FCD36F /* Pods_SwiftyContact.framework in Frameworks */ = {isa = PBXBuildFile; fileRef = 0925CE56C60C42CE2FC48314 /* Pods_SwiftyContact.framework */; };
/* End PBXBuildFile section */

/* Begin PBXFileReference section */
		0925CE56C60C42CE2FC48314 /* Pods_SwiftyContact.framework */ = {isa = PBXFileReference; explicitFileType = wrapper.framework; includeInIndex = 0; path = Pods_SwiftyContact.framework; sourceTree = BUILT_PRODUCTS_DIR; };
		7FDE2FEE9E575C77F1EF25D5 /* Pods-SwiftyContact.debug.xcconfig */ = {isa = PBXFileReference; includeInIndex = 1; lastKnownFileType = text.xcconfig; name = "Pods-SwiftyContact.debug.xcconfig"; path = "Target Support Files/Pods-SwiftyContact/Pods-SwiftyContact.debug.xcconfig"; sourceTree = "<group>"; };
		961C8BF9228F2F7E00886EE7 /* SwiftyContact.app */ = {isa = PBXFileReference; explicitFileType = wrapper.application; includeInIndex = 0; path = SwiftyContact.app; sourceTree = BUILT_PRODUCTS_DIR; };
		961C8BFC228F2F7E00886EE7 /* AppDelegate.swift */ = {isa = PBXFileReference; lastKnownFileType = sourcecode.swift; path = AppDelegate.swift; sourceTree = "<group>"; };
		961C8C01228F2F7E00886EE7 /* Base */ = {isa = PBXFileReference; lastKnownFileType = file.storyboard; name = Base; path = Base.lproj/Main.storyboard; sourceTree = "<group>"; };
		961C8C03228F2F8000886EE7 /* Assets.xcassets */ = {isa = PBXFileReference; lastKnownFileType = folder.assetcatalog; path = Assets.xcassets; sourceTree = "<group>"; };
		961C8C06228F2F8000886EE7 /* Base */ = {isa = PBXFileReference; lastKnownFileType = file.storyboard; name = Base; path = Base.lproj/LaunchScreen.storyboard; sourceTree = "<group>"; };
		961C8C08228F2F8000886EE7 /* Info.plist */ = {isa = PBXFileReference; lastKnownFileType = text.plist.xml; path = Info.plist; sourceTree = "<group>"; };
		961C8C0E228F300E00886EE7 /* ListTableViewController.swift */ = {isa = PBXFileReference; lastKnownFileType = sourcecode.swift; path = ListTableViewController.swift; sourceTree = "<group>"; };
		961C8C10228F380300886EE7 /* ContactTableViewCell.swift */ = {isa = PBXFileReference; lastKnownFileType = sourcecode.swift; path = ContactTableViewCell.swift; sourceTree = "<group>"; };
		96CBF745228F43010092AAE6 /* DetailViewController.swift */ = {isa = PBXFileReference; lastKnownFileType = sourcecode.swift; path = DetailViewController.swift; sourceTree = "<group>"; };
		96CBF76222902A2B0092AAE6 /* Config.swift */ = {isa = PBXFileReference; lastKnownFileType = sourcecode.swift; path = Config.swift; sourceTree = "<group>"; };
		96CBF76522902A940092AAE6 /* ActivityIndicator.swift */ = {isa = PBXFileReference; lastKnownFileType = sourcecode.swift; path = ActivityIndicator.swift; sourceTree = "<group>"; };
		96CBF76722902AAC0092AAE6 /* AlertView.swift */ = {isa = PBXFileReference; lastKnownFileType = sourcecode.swift; path = AlertView.swift; sourceTree = "<group>"; };
		96CBF76A22902AD10092AAE6 /* Model.xcdatamodel */ = {isa = PBXFileReference; lastKnownFileType = wrapper.xcdatamodel; path = Model.xcdatamodel; sourceTree = "<group>"; };
		96CBF76C22902B3B0092AAE6 /* Reachability.swift */ = {isa = PBXFileReference; lastKnownFileType = sourcecode.swift; path = Reachability.swift; sourceTree = "<group>"; };
		96CBF76F22902B550092AAE6 /* Contact.swift */ = {isa = PBXFileReference; lastKnownFileType = sourcecode.swift; path = Contact.swift; sourceTree = "<group>"; };
		96CBF77122902B680092AAE6 /* AllContactStruct.swift */ = {isa = PBXFileReference; lastKnownFileType = sourcecode.swift; path = AllContactStruct.swift; sourceTree = "<group>"; };
		96CBF774229031A20092AAE6 /* ContactService.swift */ = {isa = PBXFileReference; lastKnownFileType = sourcecode.swift; path = ContactService.swift; sourceTree = "<group>"; };
		96CBF776229054CA0092AAE6 /* Extensions.swift */ = {isa = PBXFileReference; lastKnownFileType = sourcecode.swift; path = Extensions.swift; sourceTree = "<group>"; };
		96CBF77A22905B670092AAE6 /* Roboto-Black.ttf */ = {isa = PBXFileReference; lastKnownFileType = file; path = "Roboto-Black.ttf"; sourceTree = "<group>"; };
		96CBF77B22905B670092AAE6 /* Roboto-Light.ttf */ = {isa = PBXFileReference; lastKnownFileType = file; path = "Roboto-Light.ttf"; sourceTree = "<group>"; };
		96CBF77C22905B670092AAE6 /* Roboto-Thin.ttf */ = {isa = PBXFileReference; lastKnownFileType = file; path = "Roboto-Thin.ttf"; sourceTree = "<group>"; };
		96CBF77D22905B680092AAE6 /* Roboto-ThinItalic.ttf */ = {isa = PBXFileReference; lastKnownFileType = file; path = "Roboto-ThinItalic.ttf"; sourceTree = "<group>"; };
		96CBF77E22905B680092AAE6 /* Roboto-BoldItalic.ttf */ = {isa = PBXFileReference; lastKnownFileType = file; path = "Roboto-BoldItalic.ttf"; sourceTree = "<group>"; };
		96CBF77F22905B680092AAE6 /* Roboto-LightItalic.ttf */ = {isa = PBXFileReference; lastKnownFileType = file; path = "Roboto-LightItalic.ttf"; sourceTree = "<group>"; };
		96CBF78022905B680092AAE6 /* Roboto-Regular.ttf */ = {isa = PBXFileReference; lastKnownFileType = file; path = "Roboto-Regular.ttf"; sourceTree = "<group>"; };
		96CBF78122905B680092AAE6 /* Roboto-Medium.ttf */ = {isa = PBXFileReference; lastKnownFileType = file; path = "Roboto-Medium.ttf"; sourceTree = "<group>"; };
		96CBF78222905B680092AAE6 /* Roboto-MediumItalic.ttf */ = {isa = PBXFileReference; lastKnownFileType = file; path = "Roboto-MediumItalic.ttf"; sourceTree = "<group>"; };
		96CBF78322905B680092AAE6 /* Roboto-Bold.ttf */ = {isa = PBXFileReference; lastKnownFileType = file; path = "Roboto-Bold.ttf"; sourceTree = "<group>"; };
		96CBF78422905B680092AAE6 /* Roboto-Italic.ttf */ = {isa = PBXFileReference; lastKnownFileType = file; path = "Roboto-Italic.ttf"; sourceTree = "<group>"; };
		96CBF78522905B680092AAE6 /* Roboto-BlackItalic.ttf */ = {isa = PBXFileReference; lastKnownFileType = file; path = "Roboto-BlackItalic.ttf"; sourceTree = "<group>"; };
		AB7EC6B56EB41EC6E3C06654 /* Pods-SwiftyContact.release.xcconfig */ = {isa = PBXFileReference; includeInIndex = 1; lastKnownFileType = text.xcconfig; name = "Pods-SwiftyContact.release.xcconfig"; path = "Target Support Files/Pods-SwiftyContact/Pods-SwiftyContact.release.xcconfig"; sourceTree = "<group>"; };
/* End PBXFileReference section */

/* Begin PBXFrameworksBuildPhase section */
		961C8BF6228F2F7E00886EE7 /* Frameworks */ = {
			isa = PBXFrameworksBuildPhase;
			buildActionMask = 2147483647;
			files = (
				EBA36BB976A9F166B6FCD36F /* Pods_SwiftyContact.framework in Frameworks */,
			);
			runOnlyForDeploymentPostprocessing = 0;
		};
/* End PBXFrameworksBuildPhase section */

/* Begin PBXGroup section */
		86DE6B9F548580DBAD2BC8B6 /* Pods */ = {
			isa = PBXGroup;
			children = (
				7FDE2FEE9E575C77F1EF25D5 /* Pods-SwiftyContact.debug.xcconfig */,
				AB7EC6B56EB41EC6E3C06654 /* Pods-SwiftyContact.release.xcconfig */,
			);
			path = Pods;
			sourceTree = "<group>";
		};
		961C8BF0228F2F7E00886EE7 = {
			isa = PBXGroup;
			children = (
				961C8BFB228F2F7E00886EE7 /* SwiftyContact */,
				961C8BFA228F2F7E00886EE7 /* Products */,
				86DE6B9F548580DBAD2BC8B6 /* Pods */,
				B3A17C2054C281079B82F542 /* Frameworks */,
			);
			sourceTree = "<group>";
		};
		961C8BFA228F2F7E00886EE7 /* Products */ = {
			isa = PBXGroup;
			children = (
				961C8BF9228F2F7E00886EE7 /* SwiftyContact.app */,
			);
			name = Products;
			sourceTree = "<group>";
		};
		961C8BFB228F2F7E00886EE7 /* SwiftyContact */ = {
			isa = PBXGroup;
			children = (
				961C8BFC228F2F7E00886EE7 /* AppDelegate.swift */,
				96CBF748228F431A0092AAE6 /* contact-list */,
				96CBF747228F430F0092AAE6 /* contact-detail */,
				96CBF73C228F3FA40092AAE6 /* contact-ui */,
				96CBF73D228F3FB20092AAE6 /* contactAssets */,
				961C8C08228F2F8000886EE7 /* Info.plist */,
				96CBF76922902AD10092AAE6 /* Model.xcdatamodeld */,
				96CBF76C22902B3B0092AAE6 /* Reachability.swift */,
				96CBF76222902A2B0092AAE6 /* Config.swift */,
				96CBF774229031A20092AAE6 /* ContactService.swift */,
				96CBF776229054CA0092AAE6 /* Extensions.swift */,
				96CBF76E22902B480092AAE6 /* Model */,
				96CBF76422902A810092AAE6 /* View-Model */,
			);
			path = SwiftyContact;
			sourceTree = "<group>";
		};
		96CBF73C228F3FA40092AAE6 /* contact-ui */ = {
			isa = PBXGroup;
			children = (
				961C8C00228F2F7E00886EE7 /* Main.storyboard */,
				961C8C05228F2F8000886EE7 /* LaunchScreen.storyboard */,
			);
			path = "contact-ui";
			sourceTree = "<group>";
		};
		96CBF73D228F3FB20092AAE6 /* contactAssets */ = {
			isa = PBXGroup;
			children = (
				961C8C03228F2F8000886EE7 /* Assets.xcassets */,
				96CBF77822905B450092AAE6 /* Resources */,
			);
			path = contactAssets;
			sourceTree = "<group>";
		};
		96CBF747228F430F0092AAE6 /* contact-detail */ = {
			isa = PBXGroup;
			children = (
				96CBF745228F43010092AAE6 /* DetailViewController.swift */,
			);
			path = "contact-detail";
			sourceTree = "<group>";
		};
		96CBF748228F431A0092AAE6 /* contact-list */ = {
			isa = PBXGroup;
			children = (
				961C8C0E228F300E00886EE7 /* ListTableViewController.swift */,
				961C8C10228F380300886EE7 /* ContactTableViewCell.swift */,
			);
			path = "contact-list";
			sourceTree = "<group>";
		};
		96CBF76422902A810092AAE6 /* View-Model */ = {
			isa = PBXGroup;
			children = (
				96CBF76522902A940092AAE6 /* ActivityIndicator.swift */,
				96CBF76722902AAC0092AAE6 /* AlertView.swift */,
			);
			path = "View-Model";
			sourceTree = "<group>";
		};
		96CBF76E22902B480092AAE6 /* Model */ = {
			isa = PBXGroup;
			children = (
				96CBF76F22902B550092AAE6 /* Contact.swift */,
				96CBF77122902B680092AAE6 /* AllContactStruct.swift */,
			);
			path = Model;
			sourceTree = "<group>";
		};
		96CBF77822905B450092AAE6 /* Resources */ = {
			isa = PBXGroup;
			children = (
				96CBF77922905B520092AAE6 /* Fonts */,
			);
			path = Resources;
			sourceTree = "<group>";
		};
		96CBF77922905B520092AAE6 /* Fonts */ = {
			isa = PBXGroup;
			children = (
				96CBF77A22905B670092AAE6 /* Roboto-Black.ttf */,
				96CBF78522905B680092AAE6 /* Roboto-BlackItalic.ttf */,
				96CBF78322905B680092AAE6 /* Roboto-Bold.ttf */,
				96CBF77E22905B680092AAE6 /* Roboto-BoldItalic.ttf */,
				96CBF78422905B680092AAE6 /* Roboto-Italic.ttf */,
				96CBF77B22905B670092AAE6 /* Roboto-Light.ttf */,
				96CBF77F22905B680092AAE6 /* Roboto-LightItalic.ttf */,
				96CBF78122905B680092AAE6 /* Roboto-Medium.ttf */,
				96CBF78222905B680092AAE6 /* Roboto-MediumItalic.ttf */,
				96CBF78022905B680092AAE6 /* Roboto-Regular.ttf */,
				96CBF77C22905B670092AAE6 /* Roboto-Thin.ttf */,
				96CBF77D22905B680092AAE6 /* Roboto-ThinItalic.ttf */,
			);
			path = Fonts;
			sourceTree = "<group>";
		};
		B3A17C2054C281079B82F542 /* Frameworks */ = {
			isa = PBXGroup;
			children = (
				0925CE56C60C42CE2FC48314 /* Pods_SwiftyContact.framework */,
			);
			name = Frameworks;
			sourceTree = "<group>";
		};
/* End PBXGroup section */

/* Begin PBXNativeTarget section */
		961C8BF8228F2F7E00886EE7 /* SwiftyContact */ = {
			isa = PBXNativeTarget;
			buildConfigurationList = 961C8C0B228F2F8000886EE7 /* Build configuration list for PBXNativeTarget "SwiftyContact" */;
			buildPhases = (
				777E5A4A430900DA7BEC2D7D /* [CP] Check Pods Manifest.lock */,
				961C8BF5228F2F7E00886EE7 /* Sources */,
				961C8BF6228F2F7E00886EE7 /* Frameworks */,
				961C8BF7228F2F7E00886EE7 /* Resources */,
				E65B61B12F4070B2D02B28C6 /* [CP] Embed Pods Frameworks */,
			);
			buildRules = (
			);
			dependencies = (
			);
			name = SwiftyContact;
			productName = SwiftyContact;
			productReference = 961C8BF9228F2F7E00886EE7 /* SwiftyContact.app */;
			productType = "com.apple.product-type.application";
		};
/* End PBXNativeTarget section */

/* Begin PBXProject section */
		961C8BF1228F2F7E00886EE7 /* Project object */ = {
			isa = PBXProject;
			attributes = {
				LastSwiftUpdateCheck = 1020;
				LastUpgradeCheck = 1020;
				ORGANIZATIONNAME = hamzhya;
				TargetAttributes = {
					961C8BF8228F2F7E00886EE7 = {
						CreatedOnToolsVersion = 10.2;
					};
				};
			};
			buildConfigurationList = 961C8BF4228F2F7E00886EE7 /* Build configuration list for PBXProject "SwiftyContact" */;
			compatibilityVersion = "Xcode 9.3";
			developmentRegion = en;
			hasScannedForEncodings = 0;
			knownRegions = (
				en,
				Base,
			);
			mainGroup = 961C8BF0228F2F7E00886EE7;
			productRefGroup = 961C8BFA228F2F7E00886EE7 /* Products */;
			projectDirPath = "";
			projectRoot = "";
			targets = (
				961C8BF8228F2F7E00886EE7 /* SwiftyContact */,
			);
		};
/* End PBXProject section */

/* Begin PBXResourcesBuildPhase section */
		961C8BF7228F2F7E00886EE7 /* Resources */ = {
			isa = PBXResourcesBuildPhase;
			buildActionMask = 2147483647;
			files = (
				961C8C07228F2F8000886EE7 /* LaunchScreen.storyboard in Resources */,
				961C8C04228F2F8000886EE7 /* Assets.xcassets in Resources */,
				961C8C02228F2F7E00886EE7 /* Main.storyboard in Resources */,
			);
			runOnlyForDeploymentPostprocessing = 0;
		};
/* End PBXResourcesBuildPhase section */

/* Begin PBXShellScriptBuildPhase section */
		777E5A4A430900DA7BEC2D7D /* [CP] Check Pods Manifest.lock */ = {
			isa = PBXShellScriptBuildPhase;
			buildActionMask = 2147483647;
			files = (
			);
			inputFileListPaths = (
			);
			inputPaths = (
				"${PODS_PODFILE_DIR_PATH}/Podfile.lock",
				"${PODS_ROOT}/Manifest.lock",
			);
			name = "[CP] Check Pods Manifest.lock";
			outputFileListPaths = (
			);
			outputPaths = (
				"$(DERIVED_FILE_DIR)/Pods-SwiftyContact-checkManifestLockResult.txt",
			);
			runOnlyForDeploymentPostprocessing = 0;
			shellPath = /bin/sh;
			shellScript = "diff \"${PODS_PODFILE_DIR_PATH}/Podfile.lock\" \"${PODS_ROOT}/Manifest.lock\" > /dev/null\nif [ $? != 0 ] ; then\n    # print error to STDERR\n    echo \"error: The sandbox is not in sync with the Podfile.lock. Run 'pod install' or update your CocoaPods installation.\" >&2\n    exit 1\nfi\n# This output is used by Xcode 'outputs' to avoid re-running this script phase.\necho \"SUCCESS\" > \"${SCRIPT_OUTPUT_FILE_0}\"\n";
			showEnvVarsInLog = 0;
		};
		E65B61B12F4070B2D02B28C6 /* [CP] Embed Pods Frameworks */ = {
			isa = PBXShellScriptBuildPhase;
			buildActionMask = 2147483647;
			files = (
			);
			inputFileListPaths = (
			);
			inputPaths = (
				"${PODS_ROOT}/Target Support Files/Pods-SwiftyContact/Pods-SwiftyContact-frameworks.sh",
				"${BUILT_PRODUCTS_DIR}/Alamofire/Alamofire.framework",
				"${BUILT_PRODUCTS_DIR}/AlamofireImage/AlamofireImage.framework",
				"${BUILT_PRODUCTS_DIR}/AlamofireObjectMapper/AlamofireObjectMapper.framework",
				"${BUILT_PRODUCTS_DIR}/ObjectMapper/ObjectMapper.framework",
			);
			name = "[CP] Embed Pods Frameworks";
			outputFileListPaths = (
			);
			outputPaths = (
				"${TARGET_BUILD_DIR}/${FRAMEWORKS_FOLDER_PATH}/Alamofire.framework",
				"${TARGET_BUILD_DIR}/${FRAMEWORKS_FOLDER_PATH}/AlamofireImage.framework",
				"${TARGET_BUILD_DIR}/${FRAMEWORKS_FOLDER_PATH}/AlamofireObjectMapper.framework",
				"${TARGET_BUILD_DIR}/${FRAMEWORKS_FOLDER_PATH}/ObjectMapper.framework",
			);
			runOnlyForDeploymentPostprocessing = 0;
			shellPath = /bin/sh;
			shellScript = "\"${PODS_ROOT}/Target Support Files/Pods-SwiftyContact/Pods-SwiftyContact-frameworks.sh\"\n";
			showEnvVarsInLog = 0;
		};
/* End PBXShellScriptBuildPhase section */

/* Begin PBXSourcesBuildPhase section */
		961C8BF5228F2F7E00886EE7 /* Sources */ = {
			isa = PBXSourcesBuildPhase;
			buildActionMask = 2147483647;
			files = (
				96CBF77222902B680092AAE6 /* AllContactStruct.swift in Sources */,
				961C8C11228F380300886EE7 /* ContactTableViewCell.swift in Sources */,
				961C8C0F228F300E00886EE7 /* ListTableViewController.swift in Sources */,
				96CBF77022902B550092AAE6 /* Contact.swift in Sources */,
				96CBF76822902AAC0092AAE6 /* AlertView.swift in Sources */,
				96CBF76B22902AD20092AAE6 /* Model.xcdatamodeld in Sources */,
				96CBF76322902A2B0092AAE6 /* Config.swift in Sources */,
				96CBF76D22902B3B0092AAE6 /* Reachability.swift in Sources */,
				96CBF777229054CA0092AAE6 /* Extensions.swift in Sources */,
				96CBF775229031A20092AAE6 /* ContactService.swift in Sources */,
				961C8BFD228F2F7E00886EE7 /* AppDelegate.swift in Sources */,
				96CBF76622902A940092AAE6 /* ActivityIndicator.swift in Sources */,
				96CBF746228F43010092AAE6 /* DetailViewController.swift in Sources */,
			);
			runOnlyForDeploymentPostprocessing = 0;
		};
/* End PBXSourcesBuildPhase section */

/* Begin PBXVariantGroup section */
		961C8C00228F2F7E00886EE7 /* Main.storyboard */ = {
			isa = PBXVariantGroup;
			children = (
				961C8C01228F2F7E00886EE7 /* Base */,
			);
			name = Main.storyboard;
			sourceTree = "<group>";
		};
		961C8C05228F2F8000886EE7 /* LaunchScreen.storyboard */ = {
			isa = PBXVariantGroup;
			children = (
				961C8C06228F2F8000886EE7 /* Base */,
			);
			name = LaunchScreen.storyboard;
			sourceTree = "<group>";
		};
/* End PBXVariantGroup section */

/* Begin XCBuildConfiguration section */
		961C8C09228F2F8000886EE7 /* Debug */ = {
			isa = XCBuildConfiguration;
			buildSettings = {
				ALWAYS_SEARCH_USER_PATHS = NO;
				CLANG_ANALYZER_NONNULL = YES;
				CLANG_ANALYZER_NUMBER_OBJECT_CONVERSION = YES_AGGRESSIVE;
				CLANG_CXX_LANGUAGE_STANDARD = "gnu++14";
				CLANG_CXX_LIBRARY = "libc++";
				CLANG_ENABLE_MODULES = YES;
				CLANG_ENABLE_OBJC_ARC = YES;
				CLANG_ENABLE_OBJC_WEAK = YES;
				CLANG_WARN_BLOCK_CAPTURE_AUTORELEASING = YES;
				CLANG_WARN_BOOL_CONVERSION = YES;
				CLANG_WARN_COMMA = YES;
				CLANG_WARN_CONSTANT_CONVERSION = YES;
				CLANG_WARN_DEPRECATED_OBJC_IMPLEMENTATIONS = YES;
				CLANG_WARN_DIRECT_OBJC_ISA_USAGE = YES_ERROR;
				CLANG_WARN_DOCUMENTATION_COMMENTS = YES;
				CLANG_WARN_EMPTY_BODY = YES;
				CLANG_WARN_ENUM_CONVERSION = YES;
				CLANG_WARN_INFINITE_RECURSION = YES;
				CLANG_WARN_INT_CONVERSION = YES;
				CLANG_WARN_NON_LITERAL_NULL_CONVERSION = YES;
				CLANG_WARN_OBJC_IMPLICIT_RETAIN_SELF = YES;
				CLANG_WARN_OBJC_LITERAL_CONVERSION = YES;
				CLANG_WARN_OBJC_ROOT_CLASS = YES_ERROR;
				CLANG_WARN_RANGE_LOOP_ANALYSIS = YES;
				CLANG_WARN_STRICT_PROTOTYPES = YES;
				CLANG_WARN_SUSPICIOUS_MOVE = YES;
				CLANG_WARN_UNGUARDED_AVAILABILITY = YES_AGGRESSIVE;
				CLANG_WARN_UNREACHABLE_CODE = YES;
				CLANG_WARN__DUPLICATE_METHOD_MATCH = YES;
				CODE_SIGN_IDENTITY = "iPhone Developer";
				COPY_PHASE_STRIP = NO;
				DEBUG_INFORMATION_FORMAT = dwarf;
				ENABLE_STRICT_OBJC_MSGSEND = YES;
				ENABLE_TESTABILITY = YES;
				GCC_C_LANGUAGE_STANDARD = gnu11;
				GCC_DYNAMIC_NO_PIC = NO;
				GCC_NO_COMMON_BLOCKS = YES;
				GCC_OPTIMIZATION_LEVEL = 0;
				GCC_PREPROCESSOR_DEFINITIONS = (
					"DEBUG=1",
					"$(inherited)",
				);
				GCC_WARN_64_TO_32_BIT_CONVERSION = YES;
				GCC_WARN_ABOUT_RETURN_TYPE = YES_ERROR;
				GCC_WARN_UNDECLARED_SELECTOR = YES;
				GCC_WARN_UNINITIALIZED_AUTOS = YES_AGGRESSIVE;
				GCC_WARN_UNUSED_FUNCTION = YES;
				GCC_WARN_UNUSED_VARIABLE = YES;
				IPHONEOS_DEPLOYMENT_TARGET = 12.2;
				MTL_ENABLE_DEBUG_INFO = INCLUDE_SOURCE;
				MTL_FAST_MATH = YES;
				ONLY_ACTIVE_ARCH = YES;
				SDKROOT = iphoneos;
				SWIFT_ACTIVE_COMPILATION_CONDITIONS = DEBUG;
				SWIFT_OPTIMIZATION_LEVEL = "-Onone";
			};
			name = Debug;
		};
		961C8C0A228F2F8000886EE7 /* Release */ = {
			isa = XCBuildConfiguration;
			buildSettings = {
				ALWAYS_SEARCH_USER_PATHS = NO;
				CLANG_ANALYZER_NONNULL = YES;
				CLANG_ANALYZER_NUMBER_OBJECT_CONVERSION = YES_AGGRESSIVE;
				CLANG_CXX_LANGUAGE_STANDARD = "gnu++14";
				CLANG_CXX_LIBRARY = "libc++";
				CLANG_ENABLE_MODULES = YES;
				CLANG_ENABLE_OBJC_ARC = YES;
				CLANG_ENABLE_OBJC_WEAK = YES;
				CLANG_WARN_BLOCK_CAPTURE_AUTORELEASING = YES;
				CLANG_WARN_BOOL_CONVERSION = YES;
				CLANG_WARN_COMMA = YES;
				CLANG_WARN_CONSTANT_CONVERSION = YES;
				CLANG_WARN_DEPRECATED_OBJC_IMPLEMENTATIONS = YES;
				CLANG_WARN_DIRECT_OBJC_ISA_USAGE = YES_ERROR;
				CLANG_WARN_DOCUMENTATION_COMMENTS = YES;
				CLANG_WARN_EMPTY_BODY = YES;
				CLANG_WARN_ENUM_CONVERSION = YES;
				CLANG_WARN_INFINITE_RECURSION = YES;
				CLANG_WARN_INT_CONVERSION = YES;
				CLANG_WARN_NON_LITERAL_NULL_CONVERSION = YES;
				CLANG_WARN_OBJC_IMPLICIT_RETAIN_SELF = YES;
				CLANG_WARN_OBJC_LITERAL_CONVERSION = YES;
				CLANG_WARN_OBJC_ROOT_CLASS = YES_ERROR;
				CLANG_WARN_RANGE_LOOP_ANALYSIS = YES;
				CLANG_WARN_STRICT_PROTOTYPES = YES;
				CLANG_WARN_SUSPICIOUS_MOVE = YES;
				CLANG_WARN_UNGUARDED_AVAILABILITY = YES_AGGRESSIVE;
				CLANG_WARN_UNREACHABLE_CODE = YES;
				CLANG_WARN__DUPLICATE_METHOD_MATCH = YES;
				CODE_SIGN_IDENTITY = "iPhone Developer";
				COPY_PHASE_STRIP = NO;
				DEBUG_INFORMATION_FORMAT = "dwarf-with-dsym";
				ENABLE_NS_ASSERTIONS = NO;
				ENABLE_STRICT_OBJC_MSGSEND = YES;
				GCC_C_LANGUAGE_STANDARD = gnu11;
				GCC_NO_COMMON_BLOCKS = YES;
				GCC_WARN_64_TO_32_BIT_CONVERSION = YES;
				GCC_WARN_ABOUT_RETURN_TYPE = YES_ERROR;
				GCC_WARN_UNDECLARED_SELECTOR = YES;
				GCC_WARN_UNINITIALIZED_AUTOS = YES_AGGRESSIVE;
				GCC_WARN_UNUSED_FUNCTION = YES;
				GCC_WARN_UNUSED_VARIABLE = YES;
				IPHONEOS_DEPLOYMENT_TARGET = 12.2;
				MTL_ENABLE_DEBUG_INFO = NO;
				MTL_FAST_MATH = YES;
				SDKROOT = iphoneos;
				SWIFT_COMPILATION_MODE = wholemodule;
				SWIFT_OPTIMIZATION_LEVEL = "-O";
				VALIDATE_PRODUCT = YES;
			};
			name = Release;
		};
		961C8C0C228F2F8000886EE7 /* Debug */ = {
			isa = XCBuildConfiguration;
			baseConfigurationReference = 7FDE2FEE9E575C77F1EF25D5 /* Pods-SwiftyContact.debug.xcconfig */;
			buildSettings = {
				ASSETCATALOG_COMPILER_APPICON_NAME = AppIcon;
				CODE_SIGN_STYLE = Automatic;
				DEVELOPMENT_TEAM = 45H86B5NLP;
				INFOPLIST_FILE = SwiftyContact/Info.plist;
				LD_RUNPATH_SEARCH_PATHS = (
					"$(inherited)",
					"@executable_path/Frameworks",
				);
				PRODUCT_BUNDLE_IDENTIFIER = com.ajihairi.SwiftyContact;
				PRODUCT_NAME = "$(TARGET_NAME)";
				SWIFT_VERSION = 5.0;
				TARGETED_DEVICE_FAMILY = "1,2";
			};
			name = Debug;
		};
		961C8C0D228F2F8000886EE7 /* Release */ = {
			isa = XCBuildConfiguration;
			baseConfigurationReference = AB7EC6B56EB41EC6E3C06654 /* Pods-SwiftyContact.release.xcconfig */;
			buildSettings = {
				ASSETCATALOG_COMPILER_APPICON_NAME = AppIcon;
				CODE_SIGN_STYLE = Automatic;
				DEVELOPMENT_TEAM = 45H86B5NLP;
				INFOPLIST_FILE = SwiftyContact/Info.plist;
				LD_RUNPATH_SEARCH_PATHS = (
					"$(inherited)",
					"@executable_path/Frameworks",
				);
				PRODUCT_BUNDLE_IDENTIFIER = com.ajihairi.SwiftyContact;
				PRODUCT_NAME = "$(TARGET_NAME)";
				SWIFT_VERSION = 5.0;
				TARGETED_DEVICE_FAMILY = "1,2";
			};
			name = Release;
		};
/* End XCBuildConfiguration section */

/* Begin XCConfigurationList section */
		961C8BF4228F2F7E00886EE7 /* Build configuration list for PBXProject "SwiftyContact" */ = {
			isa = XCConfigurationList;
			buildConfigurations = (
				961C8C09228F2F8000886EE7 /* Debug */,
				961C8C0A228F2F8000886EE7 /* Release */,
			);
			defaultConfigurationIsVisible = 0;
			defaultConfigurationName = Release;
		};
		961C8C0B228F2F8000886EE7 /* Build configuration list for PBXNativeTarget "SwiftyContact" */ = {
			isa = XCConfigurationList;
			buildConfigurations = (
				961C8C0C228F2F8000886EE7 /* Debug */,
				961C8C0D228F2F8000886EE7 /* Release */,
			);
			defaultConfigurationIsVisible = 0;
			defaultConfigurationName = Release;
		};
/* End XCConfigurationList section */

/* Begin XCVersionGroup section */
		96CBF76922902AD10092AAE6 /* Model.xcdatamodeld */ = {
			isa = XCVersionGroup;
			children = (
				96CBF76A22902AD10092AAE6 /* Model.xcdatamodel */,
			);
			currentVersion = 96CBF76A22902AD10092AAE6 /* Model.xcdatamodel */;
			path = Model.xcdatamodeld;
			sourceTree = "<group>";
			versionGroupType = wrapper.xcdatamodel;
		};
/* End XCVersionGroup section */
	};
	rootObject = 961C8BF1228F2F7E00886EE7 /* Project object */;
}
